// !$*UTF8*$!
{
	archiveVersion = 1;
	classes = {
	};
	objectVersion = 46;
	objects = {

/* Begin PBXBuildFile section */
		370BFAFE1D0C77F400930D03 /* AppDelegate.swift in Sources */ = {isa = PBXBuildFile; fileRef = 370BFAFD1D0C77F400930D03 /* AppDelegate.swift */; };
		370BFB001D0C77F400930D03 /* ViewController.swift in Sources */ = {isa = PBXBuildFile; fileRef = 370BFAFF1D0C77F400930D03 /* ViewController.swift */; };
		370BFB031D0C77F400930D03 /* Main.storyboard in Resources */ = {isa = PBXBuildFile; fileRef = 370BFB011D0C77F400930D03 /* Main.storyboard */; };
		370BFB061D0C77F400930D03 /* MemeApp.xcdatamodeld in Sources */ = {isa = PBXBuildFile; fileRef = 370BFB041D0C77F400930D03 /* MemeApp.xcdatamodeld */; };
		370BFB081D0C77F500930D03 /* Assets.xcassets in Resources */ = {isa = PBXBuildFile; fileRef = 370BFB071D0C77F500930D03 /* Assets.xcassets */; };
		370BFB0B1D0C77F500930D03 /* LaunchScreen.storyboard in Resources */ = {isa = PBXBuildFile; fileRef = 370BFB091D0C77F500930D03 /* LaunchScreen.storyboard */; };
		370BFB161D0C77F500930D03 /* MemeAppTests.swift in Sources */ = {isa = PBXBuildFile; fileRef = 370BFB151D0C77F500930D03 /* MemeAppTests.swift */; };
		370BFB211D0C77F500930D03 /* MemeAppUITests.swift in Sources */ = {isa = PBXBuildFile; fileRef = 370BFB201D0C77F500930D03 /* MemeAppUITests.swift */; };
		37AD6A021D0E447700A716EB /* MemeCollectionViewController.swift in Sources */ = {isa = PBXBuildFile; fileRef = 37AD6A011D0E447700A716EB /* MemeCollectionViewController.swift */; };
		37AD6A041D0E44B700A716EB /* MemeTableViewController.swift in Sources */ = {isa = PBXBuildFile; fileRef = 37AD6A031D0E44B700A716EB /* MemeTableViewController.swift */; };
		37AD6A081D0E54CE00A716EB /* MemeCollectionViewCell.swift in Sources */ = {isa = PBXBuildFile; fileRef = 37AD6A071D0E54CE00A716EB /* MemeCollectionViewCell.swift */; };
		37AD6A0A1D0E568000A716EB /* CollectionViewController.swift in Sources */ = {isa = PBXBuildFile; fileRef = 37AD6A091D0E568000A716EB /* CollectionViewController.swift */; };
/* End PBXBuildFile section */

/* Begin PBXContainerItemProxy section */
		370BFB121D0C77F500930D03 /* PBXContainerItemProxy */ = {
			isa = PBXContainerItemProxy;
			containerPortal = 370BFAF21D0C77F400930D03 /* Project object */;
			proxyType = 1;
			remoteGlobalIDString = 370BFAF91D0C77F400930D03;
			remoteInfo = MemeApp;
		};
		370BFB1D1D0C77F500930D03 /* PBXContainerItemProxy */ = {
			isa = PBXContainerItemProxy;
			containerPortal = 370BFAF21D0C77F400930D03 /* Project object */;
			proxyType = 1;
			remoteGlobalIDString = 370BFAF91D0C77F400930D03;
			remoteInfo = MemeApp;
		};
/* End PBXContainerItemProxy section */

/* Begin PBXFileReference section */
		370BFAFA1D0C77F400930D03 /* MemeApp.app */ = {isa = PBXFileReference; explicitFileType = wrapper.application; includeInIndex = 0; path = MemeApp.app; sourceTree = BUILT_PRODUCTS_DIR; };
		370BFAFD1D0C77F400930D03 /* AppDelegate.swift */ = {isa = PBXFileReference; lastKnownFileType = sourcecode.swift; path = AppDelegate.swift; sourceTree = "<group>"; };
		370BFAFF1D0C77F400930D03 /* ViewController.swift */ = {isa = PBXFileReference; lastKnownFileType = sourcecode.swift; path = ViewController.swift; sourceTree = "<group>"; };
		370BFB021D0C77F400930D03 /* Base */ = {isa = PBXFileReference; lastKnownFileType = file.storyboard; name = Base; path = Base.lproj/Main.storyboard; sourceTree = "<group>"; };
		370BFB051D0C77F400930D03 /* MemeApp.xcdatamodel */ = {isa = PBXFileReference; lastKnownFileType = wrapper.xcdatamodel; path = MemeApp.xcdatamodel; sourceTree = "<group>"; };
		370BFB071D0C77F500930D03 /* Assets.xcassets */ = {isa = PBXFileReference; lastKnownFileType = folder.assetcatalog; path = Assets.xcassets; sourceTree = "<group>"; };
		370BFB0A1D0C77F500930D03 /* Base */ = {isa = PBXFileReference; lastKnownFileType = file.storyboard; name = Base; path = Base.lproj/LaunchScreen.storyboard; sourceTree = "<group>"; };
		370BFB0C1D0C77F500930D03 /* Info.plist */ = {isa = PBXFileReference; lastKnownFileType = text.plist.xml; path = Info.plist; sourceTree = "<group>"; };
		370BFB111D0C77F500930D03 /* MemeAppTests.xctest */ = {isa = PBXFileReference; explicitFileType = wrapper.cfbundle; includeInIndex = 0; path = MemeAppTests.xctest; sourceTree = BUILT_PRODUCTS_DIR; };
		370BFB151D0C77F500930D03 /* MemeAppTests.swift */ = {isa = PBXFileReference; lastKnownFileType = sourcecode.swift; path = MemeAppTests.swift; sourceTree = "<group>"; };
		370BFB171D0C77F500930D03 /* Info.plist */ = {isa = PBXFileReference; lastKnownFileType = text.plist.xml; path = Info.plist; sourceTree = "<group>"; };
		370BFB1C1D0C77F500930D03 /* MemeAppUITests.xctest */ = {isa = PBXFileReference; explicitFileType = wrapper.cfbundle; includeInIndex = 0; path = MemeAppUITests.xctest; sourceTree = BUILT_PRODUCTS_DIR; };
		370BFB201D0C77F500930D03 /* MemeAppUITests.swift */ = {isa = PBXFileReference; lastKnownFileType = sourcecode.swift; path = MemeAppUITests.swift; sourceTree = "<group>"; };
		370BFB221D0C77F500930D03 /* Info.plist */ = {isa = PBXFileReference; lastKnownFileType = text.plist.xml; path = Info.plist; sourceTree = "<group>"; };
		37AD6A011D0E447700A716EB /* MemeCollectionViewController.swift */ = {isa = PBXFileReference; fileEncoding = 4; lastKnownFileType = sourcecode.swift; path = MemeCollectionViewController.swift; sourceTree = "<group>"; };
		37AD6A031D0E44B700A716EB /* MemeTableViewController.swift */ = {isa = PBXFileReference; fileEncoding = 4; lastKnownFileType = sourcecode.swift; path = MemeTableViewController.swift; sourceTree = "<group>"; };
		37AD6A071D0E54CE00A716EB /* MemeCollectionViewCell.swift */ = {isa = PBXFileReference; fileEncoding = 4; lastKnownFileType = sourcecode.swift; path = MemeCollectionViewCell.swift; sourceTree = "<group>"; };
		37AD6A091D0E568000A716EB /* CollectionViewController.swift */ = {isa = PBXFileReference; fileEncoding = 4; lastKnownFileType = sourcecode.swift; path = CollectionViewController.swift; sourceTree = "<group>"; };
/* End PBXFileReference section */

/* Begin PBXFrameworksBuildPhase section */
		370BFAF71D0C77F400930D03 /* Frameworks */ = {
			isa = PBXFrameworksBuildPhase;
			buildActionMask = 2147483647;
			files = (
			);
			runOnlyForDeploymentPostprocessing = 0;
		};
		370BFB0E1D0C77F500930D03 /* Frameworks */ = {
			isa = PBXFrameworksBuildPhase;
			buildActionMask = 2147483647;
			files = (
			);
			runOnlyForDeploymentPostprocessing = 0;
		};
		370BFB191D0C77F500930D03 /* Frameworks */ = {
			isa = PBXFrameworksBuildPhase;
			buildActionMask = 2147483647;
			files = (
			);
			runOnlyForDeploymentPostprocessing = 0;
		};
/* End PBXFrameworksBuildPhase section */

/* Begin PBXGroup section */
		370BFAF11D0C77F400930D03 = {
			isa = PBXGroup;
			children = (
				370BFAFC1D0C77F400930D03 /* MemeApp */,
				370BFB141D0C77F500930D03 /* MemeAppTests */,
				370BFB1F1D0C77F500930D03 /* MemeAppUITests */,
				370BFAFB1D0C77F400930D03 /* Products */,
			);
			sourceTree = "<group>";
		};
		370BFAFB1D0C77F400930D03 /* Products */ = {
			isa = PBXGroup;
			children = (
				370BFAFA1D0C77F400930D03 /* MemeApp.app */,
				370BFB111D0C77F500930D03 /* MemeAppTests.xctest */,
				370BFB1C1D0C77F500930D03 /* MemeAppUITests.xctest */,
			);
			name = Products;
			sourceTree = "<group>";
		};
		370BFAFC1D0C77F400930D03 /* MemeApp */ = {
			isa = PBXGroup;
			children = (
				370BFAFD1D0C77F400930D03 /* AppDelegate.swift */,
				370BFAFF1D0C77F400930D03 /* ViewController.swift */,
				370BFB011D0C77F400930D03 /* Main.storyboard */,
				370BFB071D0C77F500930D03 /* Assets.xcassets */,
				370BFB091D0C77F500930D03 /* LaunchScreen.storyboard */,
				370BFB0C1D0C77F500930D03 /* Info.plist */,
				370BFB041D0C77F400930D03 /* MemeApp.xcdatamodeld */,
				37AD6A031D0E44B700A716EB /* MemeTableViewController.swift */,
				37AD6A011D0E447700A716EB /* MemeCollectionViewController.swift */,
				37AD6A071D0E54CE00A716EB /* MemeCollectionViewCell.swift */,
				37AD6A091D0E568000A716EB /* CollectionViewController.swift */,
			);
			path = MemeApp;
			sourceTree = "<group>";
		};
		370BFB141D0C77F500930D03 /* MemeAppTests */ = {
			isa = PBXGroup;
			children = (
				370BFB151D0C77F500930D03 /* MemeAppTests.swift */,
				370BFB171D0C77F500930D03 /* Info.plist */,
			);
			path = MemeAppTests;
			sourceTree = "<group>";
		};
		370BFB1F1D0C77F500930D03 /* MemeAppUITests */ = {
			isa = PBXGroup;
			children = (
				370BFB201D0C77F500930D03 /* MemeAppUITests.swift */,
				370BFB221D0C77F500930D03 /* Info.plist */,
			);
			path = MemeAppUITests;
			sourceTree = "<group>";
		};
/* End PBXGroup section */

/* Begin PBXNativeTarget section */
		370BFAF91D0C77F400930D03 /* MemeApp */ = {
			isa = PBXNativeTarget;
			buildConfigurationList = 370BFB251D0C77F500930D03 /* Build configuration list for PBXNativeTarget "MemeApp" */;
			buildPhases = (
				370BFAF61D0C77F400930D03 /* Sources */,
				370BFAF71D0C77F400930D03 /* Frameworks */,
				370BFAF81D0C77F400930D03 /* Resources */,
			);
			buildRules = (
			);
			dependencies = (
			);
			name = MemeApp;
			productName = MemeApp;
			productReference = 370BFAFA1D0C77F400930D03 /* MemeApp.app */;
			productType = "com.apple.product-type.application";
		};
		370BFB101D0C77F500930D03 /* MemeAppTests */ = {
			isa = PBXNativeTarget;
			buildConfigurationList = 370BFB281D0C77F500930D03 /* Build configuration list for PBXNativeTarget "MemeAppTests" */;
			buildPhases = (
				370BFB0D1D0C77F500930D03 /* Sources */,
				370BFB0E1D0C77F500930D03 /* Frameworks */,
				370BFB0F1D0C77F500930D03 /* Resources */,
			);
			buildRules = (
			);
			dependencies = (
				370BFB131D0C77F500930D03 /* PBXTargetDependency */,
			);
			name = MemeAppTests;
			productName = MemeAppTests;
			productReference = 370BFB111D0C77F500930D03 /* MemeAppTests.xctest */;
			productType = "com.apple.product-type.bundle.unit-test";
		};
		370BFB1B1D0C77F500930D03 /* MemeAppUITests */ = {
			isa = PBXNativeTarget;
			buildConfigurationList = 370BFB2B1D0C77F500930D03 /* Build configuration list for PBXNativeTarget "MemeAppUITests" */;
			buildPhases = (
				370BFB181D0C77F500930D03 /* Sources */,
				370BFB191D0C77F500930D03 /* Frameworks */,
				370BFB1A1D0C77F500930D03 /* Resources */,
			);
			buildRules = (
			);
			dependencies = (
				370BFB1E1D0C77F500930D03 /* PBXTargetDependency */,
			);
			name = MemeAppUITests;
			productName = MemeAppUITests;
			productReference = 370BFB1C1D0C77F500930D03 /* MemeAppUITests.xctest */;
			productType = "com.apple.product-type.bundle.ui-testing";
		};
/* End PBXNativeTarget section */

/* Begin PBXProject section */
		370BFAF21D0C77F400930D03 /* Project object */ = {
			isa = PBXProject;
			attributes = {
				LastSwiftUpdateCheck = 0730;
				LastUpgradeCheck = 0730;
				ORGANIZATIONNAME = "Daniel Huang";
				TargetAttributes = {
					370BFAF91D0C77F400930D03 = {
						CreatedOnToolsVersion = 7.3.1;
					};
					370BFB101D0C77F500930D03 = {
						CreatedOnToolsVersion = 7.3.1;
						TestTargetID = 370BFAF91D0C77F400930D03;
					};
					370BFB1B1D0C77F500930D03 = {
						CreatedOnToolsVersion = 7.3.1;
						TestTargetID = 370BFAF91D0C77F400930D03;
					};
				};
			};
			buildConfigurationList = 370BFAF51D0C77F400930D03 /* Build configuration list for PBXProject "MemeApp" */;
			compatibilityVersion = "Xcode 3.2";
			developmentRegion = English;
			hasScannedForEncodings = 0;
			knownRegions = (
				en,
				Base,
			);
			mainGroup = 370BFAF11D0C77F400930D03;
			productRefGroup = 370BFAFB1D0C77F400930D03 /* Products */;
			projectDirPath = "";
			projectRoot = "";
			targets = (
				370BFAF91D0C77F400930D03 /* MemeApp */,
				370BFB101D0C77F500930D03 /* MemeAppTests */,
				370BFB1B1D0C77F500930D03 /* MemeAppUITests */,
			);
		};
/* End PBXProject section */

/* Begin PBXResourcesBuildPhase section */
		370BFAF81D0C77F400930D03 /* Resources */ = {
			isa = PBXResourcesBuildPhase;
			buildActionMask = 2147483647;
			files = (
				370BFB0B1D0C77F500930D03 /* LaunchScreen.storyboard in Resources */,
				370BFB081D0C77F500930D03 /* Assets.xcassets in Resources */,
				370BFB031D0C77F400930D03 /* Main.storyboard in Resources */,
			);
			runOnlyForDeploymentPostprocessing = 0;
		};
		370BFB0F1D0C77F500930D03 /* Resources */ = {
			isa = PBXResourcesBuildPhase;
			buildActionMask = 2147483647;
			files = (
			);
			runOnlyForDeploymentPostprocessing = 0;
		};
		370BFB1A1D0C77F500930D03 /* Resources */ = {
			isa = PBXResourcesBuildPhase;
			buildActionMask = 2147483647;
			files = (
			);
			runOnlyForDeploymentPostprocessing = 0;
		};
/* End PBXResourcesBuildPhase section */

/* Begin PBXSourcesBuildPhase section */
		370BFAF61D0C77F400930D03 /* Sources */ = {
			isa = PBXSourcesBuildPhase;
			buildActionMask = 2147483647;
			files = (
				37AD6A021D0E447700A716EB /* MemeCollectionViewController.swift in Sources */,
				370BFB061D0C77F400930D03 /* MemeApp.xcdatamodeld in Sources */,
				370BFB001D0C77F400930D03 /* ViewController.swift in Sources */,
				37AD6A081D0E54CE00A716EB /* MemeCollectionViewCell.swift in Sources */,
				37AD6A0A1D0E568000A716EB /* CollectionViewController.swift in Sources */,
				37AD6A041D0E44B700A716EB /* MemeTableViewController.swift in Sources */,
				370BFAFE1D0C77F400930D03 /* AppDelegate.swift in Sources */,
			);
			runOnlyForDeploymentPostprocessing = 0;
		};
		370BFB0D1D0C77F500930D03 /* Sources */ = {
			isa = PBXSourcesBuildPhase;
			buildActionMask = 2147483647;
			files = (
				370BFB161D0C77F500930D03 /* MemeAppTests.swift in Sources */,
			);
			runOnlyForDeploymentPostprocessing = 0;
		};
		370BFB181D0C77F500930D03 /* Sources */ = {
			isa = PBXSourcesBuildPhase;
			buildActionMask = 2147483647;
			files = (
				370BFB211D0C77F500930D03 /* MemeAppUITests.swift in Sources */,
			);
			runOnlyForDeploymentPostprocessing = 0;
		};
/* End PBXSourcesBuildPhase section */

/* Begin PBXTargetDependency section */
		370BFB131D0C77F500930D03 /* PBXTargetDependency */ = {
			isa = PBXTargetDependency;
			target = 370BFAF91D0C77F400930D03 /* MemeApp */;
			targetProxy = 370BFB121D0C77F500930D03 /* PBXContainerItemProxy */;
		};
		370BFB1E1D0C77F500930D03 /* PBXTargetDependency */ = {
			isa = PBXTargetDependency;
			target = 370BFAF91D0C77F400930D03 /* MemeApp */;
			targetProxy = 370BFB1D1D0C77F500930D03 /* PBXContainerItemProxy */;
		};
/* End PBXTargetDependency section */

/* Begin PBXVariantGroup section */
		370BFB011D0C77F400930D03 /* Main.storyboard */ = {
			isa = PBXVariantGroup;
			children = (
				370BFB021D0C77F400930D03 /* Base */,
			);
			name = Main.storyboard;
			sourceTree = "<group>";
		};
		370BFB091D0C77F500930D03 /* LaunchScreen.storyboard */ = {
			isa = PBXVariantGroup;
			children = (
				370BFB0A1D0C77F500930D03 /* Base */,
			);
			name = LaunchScreen.storyboard;
			sourceTree = "<group>";
		};
/* End PBXVariantGroup section */

/* Begin XCBuildConfiguration section */
		370BFB231D0C77F500930D03 /* Debug */ = {
			isa = XCBuildConfiguration;
			buildSettings = {
				ALWAYS_SEARCH_USER_PATHS = NO;
				CLANG_ANALYZER_NONNULL = YES;
				CLANG_CXX_LANGUAGE_STANDARD = "gnu++0x";
				CLANG_CXX_LIBRARY = "libc++";
				CLANG_ENABLE_MODULES = YES;
				CLANG_ENABLE_OBJC_ARC = YES;
				CLANG_WARN_BOOL_CONVERSION = YES;
				CLANG_WARN_CONSTANT_CONVERSION = YES;
				CLANG_WARN_DIRECT_OBJC_ISA_USAGE = YES_ERROR;
				CLANG_WARN_EMPTY_BODY = YES;
				CLANG_WARN_ENUM_CONVERSION = YES;
				CLANG_WARN_INT_CONVERSION = YES;
				CLANG_WARN_OBJC_ROOT_CLASS = YES_ERROR;
				CLANG_WARN_UNREACHABLE_CODE = YES;
				CLANG_WARN__DUPLICATE_METHOD_MATCH = YES;
				"CODE_SIGN_IDENTITY[sdk=iphoneos*]" = "iPhone Developer";
				COPY_PHASE_STRIP = NO;
				DEBUG_INFORMATION_FORMAT = dwarf;
				ENABLE_STRICT_OBJC_MSGSEND = YES;
				ENABLE_TESTABILITY = YES;
				GCC_C_LANGUAGE_STANDARD = gnu99;
				GCC_DYNAMIC_NO_PIC = NO;
				GCC_NO_COMMON_BLOCKS = YES;
				GCC_OPTIMIZATION_LEVEL = 0;
				GCC_PREPROCESSOR_DEFINITIONS = (
					"DEBUG=1",
					"$(inherited)",
				);
				GCC_WARN_64_TO_32_BIT_CONVERSION = YES;
				GCC_WARN_ABOUT_RETURN_TYPE = YES_ERROR;
				GCC_WARN_UNDECLARED_SELECTOR = YES;
				GCC_WARN_UNINITIALIZED_AUTOS = YES_AGGRESSIVE;
				GCC_WARN_UNUSED_FUNCTION = YES;
				GCC_WARN_UNUSED_VARIABLE = YES;
				IPHONEOS_DEPLOYMENT_TARGET = 9.3;
				MTL_ENABLE_DEBUG_INFO = YES;
				ONLY_ACTIVE_ARCH = YES;
				SDKROOT = iphoneos;
				SWIFT_OPTIMIZATION_LEVEL = "-Onone";
			};
			name = Debug;
		};
		370BFB241D0C77F500930D03 /* Release */ = {
			isa = XCBuildConfiguration;
			buildSettings = {
				ALWAYS_SEARCH_USER_PATHS = NO;
				CLANG_ANALYZER_NONNULL = YES;
				CLANG_CXX_LANGUAGE_STANDARD = "gnu++0x";
				CLANG_CXX_LIBRARY = "libc++";
				CLANG_ENABLE_MODULES = YES;
				CLANG_ENABLE_OBJC_ARC = YES;
				CLANG_WARN_BOOL_CONVERSION = YES;
				CLANG_WARN_CONSTANT_CONVERSION = YES;
				CLANG_WARN_DIRECT_OBJC_ISA_USAGE = YES_ERROR;
				CLANG_WARN_EMPTY_BODY = YES;
				CLANG_WARN_ENUM_CONVERSION = YES;
				CLANG_WARN_INT_CONVERSION = YES;
				CLANG_WARN_OBJC_ROOT_CLASS = YES_ERROR;
				CLANG_WARN_UNREACHABLE_CODE = YES;
				CLANG_WARN__DUPLICATE_METHOD_MATCH = YES;
				"CODE_SIGN_IDENTITY[sdk=iphoneos*]" = "iPhone Developer";
				COPY_PHASE_STRIP = NO;
				DEBUG_INFORMATION_FORMAT = "dwarf-with-dsym";
				ENABLE_NS_ASSERTIONS = NO;
				ENABLE_STRICT_OBJC_MSGSEND = YES;
				GCC_C_LANGUAGE_STANDARD = gnu99;
				GCC_NO_COMMON_BLOCKS = YES;
				GCC_WARN_64_TO_32_BIT_CONVERSION = YES;
				GCC_WARN_ABOUT_RETURN_TYPE = YES_ERROR;
				GCC_WARN_UNDECLARED_SELECTOR = YES;
				GCC_WARN_UNINITIALIZED_AUTOS = YES_AGGRESSIVE;
				GCC_WARN_UNUSED_FUNCTION = YES;
				GCC_WARN_UNUSED_VARIABLE = YES;
				IPHONEOS_DEPLOYMENT_TARGET = 9.3;
				MTL_ENABLE_DEBUG_INFO = NO;
				SDKROOT = iphoneos;
				VALIDATE_PRODUCT = YES;
			};
			name = Release;
		};
		370BFB261D0C77F500930D03 /* Debug */ = {
			isa = XCBuildConfiguration;
			buildSettings = {
				ASSETCATALOG_COMPILER_APPICON_NAME = AppIcon;
				INFOPLIST_FILE = MemeApp/Info.plist;
				LD_RUNPATH_SEARCH_PATHS = "$(inherited) @executable_path/Frameworks";
				PRODUCT_BUNDLE_IDENTIFIER = traveio.MemeApp;
				PRODUCT_NAME = "$(TARGET_NAME)";
			};
			name = Debug;
		};
		370BFB271D0C77F500930D03 /* Release */ = {
			isa = XCBuildConfiguration;
			buildSettings = {
				ASSETCATALOG_COMPILER_APPICON_NAME = AppIcon;
				INFOPLIST_FILE = MemeApp/Info.plist;
				LD_RUNPATH_SEARCH_PATHS = "$(inherited) @executable_path/Frameworks";
				PRODUCT_BUNDLE_IDENTIFIER = traveio.MemeApp;
				PRODUCT_NAME = "$(TARGET_NAME)";
			};
			name = Release;
		};
		370BFB291D0C77F500930D03 /* Debug */ = {
			isa = XCBuildConfiguration;
			buildSettings = {
				BUNDLE_LOADER = "$(TEST_HOST)";
				INFOPLIST_FILE = MemeAppTests/Info.plist;
				LD_RUNPATH_SEARCH_PATHS = "$(inherited) @executable_path/Frameworks @loader_path/Frameworks";
				PRODUCT_BUNDLE_IDENTIFIER = traveio.MemeAppTests;
				PRODUCT_NAME = "$(TARGET_NAME)";
				TEST_HOST = "$(BUILT_PRODUCTS_DIR)/MemeApp.app/MemeApp";
			};
			name = Debug;
		};
		370BFB2A1D0C77F500930D03 /* Release */ = {
			isa = XCBuildConfiguration;
			buildSettings = {
				BUNDLE_LOADER = "$(TEST_HOST)";
				INFOPLIST_FILE = MemeAppTests/Info.plist;
				LD_RUNPATH_SEARCH_PATHS = "$(inherited) @executable_path/Frameworks @loader_path/Frameworks";
				PRODUCT_BUNDLE_IDENTIFIER = traveio.MemeAppTests;
				PRODUCT_NAME = "$(TARGET_NAME)";
				TEST_HOST = "$(BUILT_PRODUCTS_DIR)/MemeApp.app/MemeApp";
			};
			name = Release;
		};
		370BFB2C1D0C77F500930D03 /* Debug */ = {
			isa = XCBuildConfiguration;
			buildSettings = {
				INFOPLIST_FILE = MemeAppUITests/Info.plist;
				LD_RUNPATH_SEARCH_PATHS = "$(inherited) @executable_path/Frameworks @loader_path/Frameworks";
				PRODUCT_BUNDLE_IDENTIFIER = traveio.MemeAppUITests;
				PRODUCT_NAME = "$(TARGET_NAME)";
				TEST_TARGET_NAME = MemeApp;
			};
			name = Debug;
		};
		370BFB2D1D0C77F500930D03 /* Release */ = {
			isa = XCBuildConfiguration;
			buildSettings = {
				INFOPLIST_FILE = MemeAppUITests/Info.plist;
				LD_RUNPATH_SEARCH_PATHS = "$(inherited) @executable_path/Frameworks @loader_path/Frameworks";
				PRODUCT_BUNDLE_IDENTIFIER = traveio.MemeAppUITests;
				PRODUCT_NAME = "$(TARGET_NAME)";
				TEST_TARGET_NAME = MemeApp;
			};
			name = Release;
		};
/* End XCBuildConfiguration section */

/* Begin XCConfigurationList section */
		370BFAF51D0C77F400930D03 /* Build configuration list for PBXProject "MemeApp" */ = {
			isa = XCConfigurationList;
			buildConfigurations = (
				370BFB231D0C77F500930D03 /* Debug */,
				370BFB241D0C77F500930D03 /* Release */,
			);
			defaultConfigurationIsVisible = 0;
			defaultConfigurationName = Release;
		};
		370BFB251D0C77F500930D03 /* Build configuration list for PBXNativeTarget "MemeApp" */ = {
			isa = XCConfigurationList;
			buildConfigurations = (
				370BFB261D0C77F500930D03 /* Debug */,
				370BFB271D0C77F500930D03 /* Release */,
			);
			defaultConfigurationIsVisible = 0;
			defaultConfigurationName = Release;
		};
		370BFB281D0C77F500930D03 /* Build configuration list for PBXNativeTarget "MemeAppTests" */ = {
			isa = XCConfigurationList;
			buildConfigurations = (
				370BFB291D0C77F500930D03 /* Debug */,
				370BFB2A1D0C77F500930D03 /* Release */,
			);
			defaultConfigurationIsVisible = 0;
			defaultConfigurationName = Release;
		};
		370BFB2B1D0C77F500930D03 /* Build configuration list for PBXNativeTarget "MemeAppUITests" */ = {
			isa = XCConfigurationList;
			buildConfigurations = (
				370BFB2C1D0C77F500930D03 /* Debug */,
				370BFB2D1D0C77F500930D03 /* Release */,
			);
			defaultConfigurationIsVisible = 0;
			defaultConfigurationName = Release;
		};
/* End XCConfigurationList section */

/* Begin XCVersionGroup section */
		370BFB041D0C77F400930D03 /* MemeApp.xcdatamodeld */ = {
			isa = XCVersionGroup;
			children = (
				370BFB051D0C77F400930D03 /* MemeApp.xcdatamodel */,
			);
			currentVersion = 370BFB051D0C77F400930D03 /* MemeApp.xcdatamodel */;
			path = MemeApp.xcdatamodeld;
			sourceTree = "<group>";
			versionGroupType = wrapper.xcdatamodel;
		};
/* End XCVersionGroup section */
	};
	rootObject = 370BFAF21D0C77F400930D03 /* Project object */;
}
